<Solution>
  <Project Path="Loggy.ApiService/Loggy.ApiService.csproj" />
  <Project Path="Loggy.AppHost/Loggy.AppHost.csproj" />
  <Project Path="Loggy.Models/Loggy.Models.csproj">
    <Build Solution="Debug|*" Project="false" />
  </Project>
  <Project Path="Loggy.ServiceDefaults/Loggy.ServiceDefaults.csproj" />
  <Project Path="Loggy.Tests/Loggy.Tests.csproj" />
  <Project Path="Loggy.Web/Loggy.Web.csproj" />
</Solution>
